// !$*UTF8*$!
{
	archiveVersion = 1;
	classes = {
	};
	objectVersion = 50;
	objects = {

/* Begin PBXBuildFile section */
		CFA451272216A24B0053748B /* Question.swift in Sources */ = {isa = PBXBuildFile; fileRef = CFA451262216A24B0053748B /* Question.swift */; };
		CFA451292216A29C0053748B /* QuestionsBank.swift in Sources */ = {isa = PBXBuildFile; fileRef = CFA451282216A29C0053748B /* QuestionsBank.swift */; };
		CFD9A47622127FCC00497928 /* AppDelegate.swift in Sources */ = {isa = PBXBuildFile; fileRef = CFD9A47522127FCC00497928 /* AppDelegate.swift */; };
		CFD9A47822127FCC00497928 /* ViewController.swift in Sources */ = {isa = PBXBuildFile; fileRef = CFD9A47722127FCC00497928 /* ViewController.swift */; };
		CFD9A47B22127FCC00497928 /* Main.storyboard in Resources */ = {isa = PBXBuildFile; fileRef = CFD9A47922127FCC00497928 /* Main.storyboard */; };
		CFD9A47D22127FE300497928 /* Assets.xcassets in Resources */ = {isa = PBXBuildFile; fileRef = CFD9A47C22127FE300497928 /* Assets.xcassets */; };
		CFD9A48022127FE300497928 /* LaunchScreen.storyboard in Resources */ = {isa = PBXBuildFile; fileRef = CFD9A47E22127FE300497928 /* LaunchScreen.storyboard */; };
		CFD9A4902212C5F300497928 /* secondViewController.swift in Sources */ = {isa = PBXBuildFile; fileRef = CFD9A48F2212C5F300497928 /* secondViewController.swift */; };
		CFD9A4962212C68F00497928 /* fifthViewController.swift in Sources */ = {isa = PBXBuildFile; fileRef = CFD9A4952212C68F00497928 /* fifthViewController.swift */; };
/* End PBXBuildFile section */

/* Begin PBXFileReference section */
		CFA451262216A24B0053748B /* Question.swift */ = {isa = PBXFileReference; lastKnownFileType = sourcecode.swift; path = Question.swift; sourceTree = "<group>"; };
		CFA451282216A29C0053748B /* QuestionsBank.swift */ = {isa = PBXFileReference; lastKnownFileType = sourcecode.swift; path = QuestionsBank.swift; sourceTree = "<group>"; };
		CFD9A47222127FCC00497928 /* QuizTime.app */ = {isa = PBXFileReference; explicitFileType = wrapper.application; includeInIndex = 0; path = QuizTime.app; sourceTree = BUILT_PRODUCTS_DIR; };
		CFD9A47522127FCC00497928 /* AppDelegate.swift */ = {isa = PBXFileReference; lastKnownFileType = sourcecode.swift; path = AppDelegate.swift; sourceTree = "<group>"; };
		CFD9A47722127FCC00497928 /* ViewController.swift */ = {isa = PBXFileReference; lastKnownFileType = sourcecode.swift; path = ViewController.swift; sourceTree = "<group>"; };
		CFD9A47A22127FCC00497928 /* Base */ = {isa = PBXFileReference; lastKnownFileType = file.storyboard; name = Base; path = Base.lproj/Main.storyboard; sourceTree = "<group>"; };
		CFD9A47C22127FE300497928 /* Assets.xcassets */ = {isa = PBXFileReference; lastKnownFileType = folder.assetcatalog; path = Assets.xcassets; sourceTree = "<group>"; };
		CFD9A47F22127FE300497928 /* Base */ = {isa = PBXFileReference; lastKnownFileType = file.storyboard; name = Base; path = Base.lproj/LaunchScreen.storyboard; sourceTree = "<group>"; };
		CFD9A48122127FE300497928 /* Info.plist */ = {isa = PBXFileReference; lastKnownFileType = text.plist.xml; path = Info.plist; sourceTree = "<group>"; };
		CFD9A48F2212C5F300497928 /* secondViewController.swift */ = {isa = PBXFileReference; lastKnownFileType = sourcecode.swift; path = secondViewController.swift; sourceTree = "<group>"; };
		CFD9A4952212C68F00497928 /* fifthViewController.swift */ = {isa = PBXFileReference; lastKnownFileType = sourcecode.swift; path = fifthViewController.swift; sourceTree = "<group>"; };
/* End PBXFileReference section */

/* Begin PBXFrameworksBuildPhase section */
		CFD9A46F22127FCC00497928 /* Frameworks */ = {
			isa = PBXFrameworksBuildPhase;
			buildActionMask = 2147483647;
			files = (
			);
			runOnlyForDeploymentPostprocessing = 0;
		};
/* End PBXFrameworksBuildPhase section */

/* Begin PBXGroup section */
		CFD9A46922127FCB00497928 = {
			isa = PBXGroup;
			children = (
				CFD9A47422127FCC00497928 /* QuizTime */,
				CFD9A47322127FCC00497928 /* Products */,
			);
			sourceTree = "<group>";
		};
		CFD9A47322127FCC00497928 /* Products */ = {
			isa = PBXGroup;
			children = (
				CFD9A47222127FCC00497928 /* QuizTime.app */,
			);
			name = Products;
			sourceTree = "<group>";
		};
		CFD9A47422127FCC00497928 /* QuizTime */ = {
			isa = PBXGroup;
			children = (
				CFD9A47522127FCC00497928 /* AppDelegate.swift */,
				CFD9A47722127FCC00497928 /* ViewController.swift */,
				CFD9A48F2212C5F300497928 /* secondViewController.swift */,
				CFD9A4952212C68F00497928 /* fifthViewController.swift */,
				CFD9A47922127FCC00497928 /* Main.storyboard */,
				CFD9A47C22127FE300497928 /* Assets.xcassets */,
				CFD9A47E22127FE300497928 /* LaunchScreen.storyboard */,
				CFD9A48122127FE300497928 /* Info.plist */,
				CFA451262216A24B0053748B /* Question.swift */,
				CFA451282216A29C0053748B /* QuestionsBank.swift */,
			);
			path = QuizTime;
			sourceTree = "<group>";
		};
/* End PBXGroup section */

/* Begin PBXNativeTarget section */
		CFD9A47122127FCC00497928 /* QuizTime */ = {
			isa = PBXNativeTarget;
			buildConfigurationList = CFD9A48422127FE300497928 /* Build configuration list for PBXNativeTarget "QuizTime" */;
			buildPhases = (
				CFD9A46E22127FCC00497928 /* Sources */,
				CFD9A46F22127FCC00497928 /* Frameworks */,
				CFD9A47022127FCC00497928 /* Resources */,
			);
			buildRules = (
			);
			dependencies = (
			);
			name = QuizTime;
			productName = QuizTime;
			productReference = CFD9A47222127FCC00497928 /* QuizTime.app */;
			productType = "com.apple.product-type.application";
		};
/* End PBXNativeTarget section */

/* Begin PBXProject section */
		CFD9A46A22127FCB00497928 /* Project object */ = {
			isa = PBXProject;
			attributes = {
				LastSwiftUpdateCheck = 1010;
				LastUpgradeCheck = 1010;
				ORGANIZATIONNAME = "Разработчик";
				TargetAttributes = {
					CFD9A47122127FCC00497928 = {
						CreatedOnToolsVersion = 10.1;
					};
				};
			};
			buildConfigurationList = CFD9A46D22127FCB00497928 /* Build configuration list for PBXProject "QuizTime" */;
			compatibilityVersion = "Xcode 9.3";
			developmentRegion = en;
			hasScannedForEncodings = 0;
			knownRegions = (
				en,
				Base,
			);
			mainGroup = CFD9A46922127FCB00497928;
			productRefGroup = CFD9A47322127FCC00497928 /* Products */;
			projectDirPath = "";
			projectRoot = "";
			targets = (
				CFD9A47122127FCC00497928 /* QuizTime */,
			);
		};
/* End PBXProject section */

/* Begin PBXResourcesBuildPhase section */
		CFD9A47022127FCC00497928 /* Resources */ = {
			isa = PBXResourcesBuildPhase;
			buildActionMask = 2147483647;
			files = (
				CFD9A48022127FE300497928 /* LaunchScreen.storyboard in Resources */,
				CFD9A47D22127FE300497928 /* Assets.xcassets in Resources */,
				CFD9A47B22127FCC00497928 /* Main.storyboard in Resources */,
			);
			runOnlyForDeploymentPostprocessing = 0;
		};
/* End PBXResourcesBuildPhase section */

/* Begin PBXSourcesBuildPhase section */
		CFD9A46E22127FCC00497928 /* Sources */ = {
			isa = PBXSourcesBuildPhase;
			buildActionMask = 2147483647;
			files = (
				CFD9A4902212C5F300497928 /* secondViewController.swift in Sources */,
				CFD9A47822127FCC00497928 /* ViewController.swift in Sources */,
				CFD9A4962212C68F00497928 /* fifthViewController.swift in Sources */,
				CFA451292216A29C0053748B /* QuestionsBank.swift in Sources */,
				CFA451272216A24B0053748B /* Question.swift in Sources */,
				CFD9A47622127FCC00497928 /* AppDelegate.swift in Sources */,
			);
			runOnlyForDeploymentPostprocessing = 0;
		};
/* End PBXSourcesBuildPhase section */

/* Begin PBXVariantGroup section */
		CFD9A47922127FCC00497928 /* Main.storyboard */ = {
			isa = PBXVariantGroup;
			children = (
				CFD9A47A22127FCC00497928 /* Base */,
			);
			name = Main.storyboard;
			sourceTree = "<group>";
		};
		CFD9A47E22127FE300497928 /* LaunchScreen.storyboard */ = {
			isa = PBXVariantGroup;
			children = (
				CFD9A47F22127FE300497928 /* Base */,
			);
			name = LaunchScreen.storyboard;
			sourceTree = "<group>";
		};
/* End PBXVariantGroup section */

/* Begin XCBuildConfiguration section */
		CFD9A48222127FE300497928 /* Debug */ = {
			isa = XCBuildConfiguration;
			buildSettings = {
				ALWAYS_SEARCH_USER_PATHS = NO;
				CLANG_ANALYZER_NONNULL = YES;
				CLANG_ANALYZER_NUMBER_OBJECT_CONVERSION = YES_AGGRESSIVE;
				CLANG_CXX_LANGUAGE_STANDARD = "gnu++14";
				CLANG_CXX_LIBRARY = "libc++";
				CLANG_ENABLE_MODULES = YES;
				CLANG_ENABLE_OBJC_ARC = YES;
				CLANG_ENABLE_OBJC_WEAK = YES;
				CLANG_WARN_BLOCK_CAPTURE_AUTORELEASING = YES;
				CLANG_WARN_BOOL_CONVERSION = YES;
				CLANG_WARN_COMMA = YES;
				CLANG_WARN_CONSTANT_CONVERSION = YES;
				CLANG_WARN_DEPRECATED_OBJC_IMPLEMENTATIONS = YES;
				CLANG_WARN_DIRECT_OBJC_ISA_USAGE = YES_ERROR;
				CLANG_WARN_DOCUMENTATION_COMMENTS = YES;
				CLANG_WARN_EMPTY_BODY = YES;
				CLANG_WARN_ENUM_CONVERSION = YES;
				CLANG_WARN_INFINITE_RECURSION = YES;
				CLANG_WARN_INT_CONVERSION = YES;
				CLANG_WARN_NON_LITERAL_NULL_CONVERSION = YES;
				CLANG_WARN_OBJC_IMPLICIT_RETAIN_SELF = YES;
				CLANG_WARN_OBJC_LITERAL_CONVERSION = YES;
				CLANG_WARN_OBJC_ROOT_CLASS = YES_ERROR;
				CLANG_WARN_RANGE_LOOP_ANALYSIS = YES;
				CLANG_WARN_STRICT_PROTOTYPES = YES;
				CLANG_WARN_SUSPICIOUS_MOVE = YES;
				CLANG_WARN_UNGUARDED_AVAILABILITY = YES_AGGRESSIVE;
				CLANG_WARN_UNREACHABLE_CODE = YES;
				CLANG_WARN__DUPLICATE_METHOD_MATCH = YES;
				CODE_SIGN_IDENTITY = "iPhone Developer";
				COPY_PHASE_STRIP = NO;
				DEBUG_INFORMATION_FORMAT = dwarf;
				ENABLE_STRICT_OBJC_MSGSEND = YES;
				ENABLE_TESTABILITY = YES;
				GCC_C_LANGUAGE_STANDARD = gnu11;
				GCC_DYNAMIC_NO_PIC = NO;
				GCC_NO_COMMON_BLOCKS = YES;
				GCC_OPTIMIZATION_LEVEL = 0;
				GCC_PREPROCESSOR_DEFINITIONS = (
					"DEBUG=1",
					"$(inherited)",
				);
				GCC_WARN_64_TO_32_BIT_CONVERSION = YES;
				GCC_WARN_ABOUT_RETURN_TYPE = YES_ERROR;
				GCC_WARN_UNDECLARED_SELECTOR = YES;
				GCC_WARN_UNINITIALIZED_AUTOS = YES_AGGRESSIVE;
				GCC_WARN_UNUSED_FUNCTION = YES;
				GCC_WARN_UNUSED_VARIABLE = YES;
				IPHONEOS_DEPLOYMENT_TARGET = 12.1;
				MTL_ENABLE_DEBUG_INFO = INCLUDE_SOURCE;
				MTL_FAST_MATH = YES;
				ONLY_ACTIVE_ARCH = YES;
				SDKROOT = iphoneos;
				SWIFT_ACTIVE_COMPILATION_CONDITIONS = DEBUG;
				SWIFT_OPTIMIZATION_LEVEL = "-Onone";
			};
			name = Debug;
		};
		CFD9A48322127FE300497928 /* Release */ = {
			isa = XCBuildConfiguration;
			buildSettings = {
				ALWAYS_SEARCH_USER_PATHS = NO;
				CLANG_ANALYZER_NONNULL = YES;
				CLANG_ANALYZER_NUMBER_OBJECT_CONVERSION = YES_AGGRESSIVE;
				CLANG_CXX_LANGUAGE_STANDARD = "gnu++14";
				CLANG_CXX_LIBRARY = "libc++";
				CLANG_ENABLE_MODULES = YES;
				CLANG_ENABLE_OBJC_ARC = YES;
				CLANG_ENABLE_OBJC_WEAK = YES;
				CLANG_WARN_BLOCK_CAPTURE_AUTORELEASING = YES;
				CLANG_WARN_BOOL_CONVERSION = YES;
				CLANG_WARN_COMMA = YES;
				CLANG_WARN_CONSTANT_CONVERSION = YES;
				CLANG_WARN_DEPRECATED_OBJC_IMPLEMENTATIONS = YES;
				CLANG_WARN_DIRECT_OBJC_ISA_USAGE = YES_ERROR;
				CLANG_WARN_DOCUMENTATION_COMMENTS = YES;
				CLANG_WARN_EMPTY_BODY = YES;
				CLANG_WARN_ENUM_CONVERSION = YES;
				CLANG_WARN_INFINITE_RECURSION = YES;
				CLANG_WARN_INT_CONVERSION = YES;
				CLANG_WARN_NON_LITERAL_NULL_CONVERSION = YES;
				CLANG_WARN_OBJC_IMPLICIT_RETAIN_SELF = YES;
				CLANG_WARN_OBJC_LITERAL_CONVERSION = YES;
				CLANG_WARN_OBJC_ROOT_CLASS = YES_ERROR;
				CLANG_WARN_RANGE_LOOP_ANALYSIS = YES;
				CLANG_WARN_STRICT_PROTOTYPES = YES;
				CLANG_WARN_SUSPICIOUS_MOVE = YES;
				CLANG_WARN_UNGUARDED_AVAILABILITY = YES_AGGRESSIVE;
				CLANG_WARN_UNREACHABLE_CODE = YES;
				CLANG_WARN__DUPLICATE_METHOD_MATCH = YES;
				CODE_SIGN_IDENTITY = "iPhone Developer";
				COPY_PHASE_STRIP = NO;
				DEBUG_INFORMATION_FORMAT = "dwarf-with-dsym";
				ENABLE_NS_ASSERTIONS = NO;
				ENABLE_STRICT_OBJC_MSGSEND = YES;
				GCC_C_LANGUAGE_STANDARD = gnu11;
				GCC_NO_COMMON_BLOCKS = YES;
				GCC_WARN_64_TO_32_BIT_CONVERSION = YES;
				GCC_WARN_ABOUT_RETURN_TYPE = YES_ERROR;
				GCC_WARN_UNDECLARED_SELECTOR = YES;
				GCC_WARN_UNINITIALIZED_AUTOS = YES_AGGRESSIVE;
				GCC_WARN_UNUSED_FUNCTION = YES;
				GCC_WARN_UNUSED_VARIABLE = YES;
				IPHONEOS_DEPLOYMENT_TARGET = 12.1;
				MTL_ENABLE_DEBUG_INFO = NO;
				MTL_FAST_MATH = YES;
				SDKROOT = iphoneos;
				SWIFT_COMPILATION_MODE = wholemodule;
				SWIFT_OPTIMIZATION_LEVEL = "-O";
				VALIDATE_PRODUCT = YES;
			};
			name = Release;
		};
		CFD9A48522127FE300497928 /* Debug */ = {
			isa = XCBuildConfiguration;
			buildSettings = {
				ASSETCATALOG_COMPILER_APPICON_NAME = AppIcon;
				CODE_SIGN_STYLE = Automatic;
				INFOPLIST_FILE = QuizTime/Info.plist;
				LD_RUNPATH_SEARCH_PATHS = (
					"$(inherited)",
					"@executable_path/Frameworks",
				);
				PRODUCT_BUNDLE_IDENTIFIER = "TSU-CSD.QuizTime";
				PRODUCT_NAME = "$(TARGET_NAME)";
				SWIFT_VERSION = 4.2;
				TARGETED_DEVICE_FAMILY = "1,2";
			};
			name = Debug;
		};
		CFD9A48622127FE300497928 /* Release */ = {
			isa = XCBuildConfiguration;
			buildSettings = {
				ASSETCATALOG_COMPILER_APPICON_NAME = AppIcon;
				CODE_SIGN_STYLE = Automatic;
				INFOPLIST_FILE = QuizTime/Info.plist;
				LD_RUNPATH_SEARCH_PATHS = (
					"$(inherited)",
					"@executable_path/Frameworks",
				);
				PRODUCT_BUNDLE_IDENTIFIER = "TSU-CSD.QuizTime";
				PRODUCT_NAME = "$(TARGET_NAME)";
				SWIFT_VERSION = 4.2;
				TARGETED_DEVICE_FAMILY = "1,2";
			};
			name = Release;
		};
/* End XCBuildConfiguration section */

/* Begin XCConfigurationList section */
		CFD9A46D22127FCB00497928 /* Build configuration list for PBXProject "QuizTime" */ = {
			isa = XCConfigurationList;
			buildConfigurations = (
				CFD9A48222127FE300497928 /* Debug */,
				CFD9A48322127FE300497928 /* Release */,
			);
			defaultConfigurationIsVisible = 0;
			defaultConfigurationName = Release;
		};
		CFD9A48422127FE300497928 /* Build configuration list for PBXNativeTarget "QuizTime" */ = {
			isa = XCConfigurationList;
			buildConfigurations = (
				CFD9A48522127FE300497928 /* Debug */,
				CFD9A48622127FE300497928 /* Release */,
			);
			defaultConfigurationIsVisible = 0;
			defaultConfigurationName = Release;
		};
/* End XCConfigurationList section */
	};
	rootObject = CFD9A46A22127FCB00497928 /* Project object */;
}
